// !$*UTF8*$!
{
	archiveVersion = 1;
	classes = {
	};
	objectVersion = 50;
	objects = {

/* Begin PBXBuildFile section */
		CA52B0BB2184DC6200514CCA /* AppDelegate.swift in Sources */ = {isa = PBXBuildFile; fileRef = CA52B0BA2184DC6200514CCA /* AppDelegate.swift */; };
		CA52B0BD2184DC6200514CCA /* art.scnassets in Resources */ = {isa = PBXBuildFile; fileRef = CA52B0BC2184DC6200514CCA /* art.scnassets */; };
		CA52B0BF2184DC6200514CCA /* MainViewController.swift in Sources */ = {isa = PBXBuildFile; fileRef = CA52B0BE2184DC6200514CCA /* MainViewController.swift */; };
		CA52B0C22184DC6200514CCA /* Main.storyboard in Resources */ = {isa = PBXBuildFile; fileRef = CA52B0C02184DC6200514CCA /* Main.storyboard */; };
		CA52B0C42184DC6500514CCA /* Assets.xcassets in Resources */ = {isa = PBXBuildFile; fileRef = CA52B0C32184DC6500514CCA /* Assets.xcassets */; };
		CA52B0C72184DC6500514CCA /* LaunchScreen.storyboard in Resources */ = {isa = PBXBuildFile; fileRef = CA52B0C52184DC6500514CCA /* LaunchScreen.storyboard */; };
		CA6BF4A32184E0FA0090FF7F /* VRViewController.swift in Sources */ = {isa = PBXBuildFile; fileRef = CA6BF4A22184E0FA0090FF7F /* VRViewController.swift */; };
		CA6BF4A72184E11F0090FF7F /* VRScene.swift in Sources */ = {isa = PBXBuildFile; fileRef = CA6BF4A62184E11E0090FF7F /* VRScene.swift */; };
		CA6BF4A92184E15F0090FF7F /* ARSeparateDelegateClass.swift in Sources */ = {isa = PBXBuildFile; fileRef = CA6BF4A82184E15F0090FF7F /* ARSeparateDelegateClass.swift */; };
		CA6BF4AB2184E1740090FF7F /* VRObject.swift in Sources */ = {isa = PBXBuildFile; fileRef = CA6BF4AA2184E1740090FF7F /* VRObject.swift */; };
		CA6BF4AD2184E1860090FF7F /* NodeOutlineWhite.metal in Sources */ = {isa = PBXBuildFile; fileRef = CA6BF4AC2184E1860090FF7F /* NodeOutlineWhite.metal */; };
		CA6BF4AF2184E18D0090FF7F /* NodeTechnique.plist in Resources */ = {isa = PBXBuildFile; fileRef = CA6BF4AE2184E18D0090FF7F /* NodeTechnique.plist */; };
		CA6BF4B22184E1F00090FF7F /* MainScene.swift in Sources */ = {isa = PBXBuildFile; fileRef = CA6BF4B12184E1F00090FF7F /* MainScene.swift */; };
		CA6BF4B42184E2310090FF7F /* Extensions.swift in Sources */ = {isa = PBXBuildFile; fileRef = CA6BF4B32184E2310090FF7F /* Extensions.swift */; };
/* End PBXBuildFile section */

/* Begin PBXFileReference section */
		CA52B0B72184DC6200514CCA /* VR on iOS.app */ = {isa = PBXFileReference; explicitFileType = wrapper.application; includeInIndex = 0; path = "VR on iOS.app"; sourceTree = BUILT_PRODUCTS_DIR; };
		CA52B0BA2184DC6200514CCA /* AppDelegate.swift */ = {isa = PBXFileReference; lastKnownFileType = sourcecode.swift; path = AppDelegate.swift; sourceTree = "<group>"; };
		CA52B0BC2184DC6200514CCA /* art.scnassets */ = {isa = PBXFileReference; lastKnownFileType = wrapper.scnassets; path = art.scnassets; sourceTree = "<group>"; };
		CA52B0BE2184DC6200514CCA /* MainViewController.swift */ = {isa = PBXFileReference; lastKnownFileType = sourcecode.swift; path = MainViewController.swift; sourceTree = "<group>"; };
		CA52B0C12184DC6200514CCA /* Base */ = {isa = PBXFileReference; lastKnownFileType = file.storyboard; name = Base; path = Base.lproj/Main.storyboard; sourceTree = "<group>"; };
		CA52B0C32184DC6500514CCA /* Assets.xcassets */ = {isa = PBXFileReference; lastKnownFileType = folder.assetcatalog; path = Assets.xcassets; sourceTree = "<group>"; };
		CA52B0C62184DC6500514CCA /* Base */ = {isa = PBXFileReference; lastKnownFileType = file.storyboard; name = Base; path = Base.lproj/LaunchScreen.storyboard; sourceTree = "<group>"; };
		CA52B0C82184DC6500514CCA /* Info.plist */ = {isa = PBXFileReference; lastKnownFileType = text.plist.xml; path = Info.plist; sourceTree = "<group>"; };
		CA6BF4A22184E0FA0090FF7F /* VRViewController.swift */ = {isa = PBXFileReference; fileEncoding = 4; lastKnownFileType = sourcecode.swift; path = VRViewController.swift; sourceTree = "<group>"; };
		CA6BF4A62184E11E0090FF7F /* VRScene.swift */ = {isa = PBXFileReference; fileEncoding = 4; lastKnownFileType = sourcecode.swift; path = VRScene.swift; sourceTree = "<group>"; };
		CA6BF4A82184E15F0090FF7F /* ARSeparateDelegateClass.swift */ = {isa = PBXFileReference; fileEncoding = 4; lastKnownFileType = sourcecode.swift; path = ARSeparateDelegateClass.swift; sourceTree = "<group>"; };
		CA6BF4AA2184E1740090FF7F /* VRObject.swift */ = {isa = PBXFileReference; fileEncoding = 4; lastKnownFileType = sourcecode.swift; path = VRObject.swift; sourceTree = "<group>"; };
		CA6BF4AC2184E1860090FF7F /* NodeOutlineWhite.metal */ = {isa = PBXFileReference; fileEncoding = 4; lastKnownFileType = sourcecode.metal; path = NodeOutlineWhite.metal; sourceTree = "<group>"; };
		CA6BF4AE2184E18D0090FF7F /* NodeTechnique.plist */ = {isa = PBXFileReference; fileEncoding = 4; lastKnownFileType = text.plist.xml; path = NodeTechnique.plist; sourceTree = "<group>"; };
		CA6BF4B12184E1F00090FF7F /* MainScene.swift */ = {isa = PBXFileReference; fileEncoding = 4; lastKnownFileType = sourcecode.swift; path = MainScene.swift; sourceTree = "<group>"; };
		CA6BF4B32184E2310090FF7F /* Extensions.swift */ = {isa = PBXFileReference; fileEncoding = 4; lastKnownFileType = sourcecode.swift; path = Extensions.swift; sourceTree = "<group>"; };
/* End PBXFileReference section */

/* Begin PBXFrameworksBuildPhase section */
		CA52B0B42184DC6200514CCA /* Frameworks */ = {
			isa = PBXFrameworksBuildPhase;
			buildActionMask = 2147483647;
			files = (
			);
			runOnlyForDeploymentPostprocessing = 0;
		};
/* End PBXFrameworksBuildPhase section */

/* Begin PBXGroup section */
		CA52B0AE2184DC6200514CCA = {
			isa = PBXGroup;
			children = (
				CA52B0B92184DC6200514CCA /* VR on iOS */,
				CA52B0B82184DC6200514CCA /* Products */,
			);
			sourceTree = "<group>";
		};
		CA52B0B82184DC6200514CCA /* Products */ = {
			isa = PBXGroup;
			children = (
				CA52B0B72184DC6200514CCA /* VR on iOS.app */,
			);
			name = Products;
			sourceTree = "<group>";
		};
		CA52B0B92184DC6200514CCA /* VR on iOS */ = {
			isa = PBXGroup;
			children = (
				CA52B0BA2184DC6200514CCA /* AppDelegate.swift */,
				CA52B0BC2184DC6200514CCA /* art.scnassets */,
				CA6BF4B32184E2310090FF7F /* Extensions.swift */,
				CA6BF4A82184E15F0090FF7F /* ARSeparateDelegateClass.swift */,
				CA6BF4A22184E0FA0090FF7F /* VRViewController.swift */,
				CA6BF4A62184E11E0090FF7F /* VRScene.swift */,
				CA6BF4AA2184E1740090FF7F /* VRObject.swift */,
				CA6BF4AC2184E1860090FF7F /* NodeOutlineWhite.metal */,
				CA6BF4AE2184E18D0090FF7F /* NodeTechnique.plist */,
				CA6BF4B02184E1DD0090FF7F /* Main */,
				CA52B0C02184DC6200514CCA /* Main.storyboard */,
				CA52B0C32184DC6500514CCA /* Assets.xcassets */,
				CA52B0C52184DC6500514CCA /* LaunchScreen.storyboard */,
				CA52B0C82184DC6500514CCA /* Info.plist */,
			);
			path = "VR on iOS";
			sourceTree = "<group>";
		};
		CA6BF4B02184E1DD0090FF7F /* Main */ = {
			isa = PBXGroup;
			children = (
				CA52B0BE2184DC6200514CCA /* MainViewController.swift */,
				CA6BF4B12184E1F00090FF7F /* MainScene.swift */,
			);
			path = Main;
			sourceTree = "<group>";
		};
/* End PBXGroup section */

/* Begin PBXNativeTarget section */
		CA52B0B62184DC6200514CCA /* VR on iOS */ = {
			isa = PBXNativeTarget;
			buildConfigurationList = CA52B0CB2184DC6500514CCA /* Build configuration list for PBXNativeTarget "VR on iOS" */;
			buildPhases = (
				CA52B0B32184DC6200514CCA /* Sources */,
				CA52B0B42184DC6200514CCA /* Frameworks */,
				CA52B0B52184DC6200514CCA /* Resources */,
			);
			buildRules = (
			);
			dependencies = (
			);
			name = "VR on iOS";
			productName = "VR on iOS";
			productReference = CA52B0B72184DC6200514CCA /* VR on iOS.app */;
			productType = "com.apple.product-type.application";
		};
/* End PBXNativeTarget section */

/* Begin PBXProject section */
		CA52B0AF2184DC6200514CCA /* Project object */ = {
			isa = PBXProject;
			attributes = {
				LastSwiftUpdateCheck = 1010;
				LastUpgradeCheck = 1010;
				ORGANIZATIONNAME = Brandon;
				TargetAttributes = {
					CA52B0B62184DC6200514CCA = {
						CreatedOnToolsVersion = 10.1;
					};
				};
			};
			buildConfigurationList = CA52B0B22184DC6200514CCA /* Build configuration list for PBXProject "VR on iOS" */;
			compatibilityVersion = "Xcode 9.3";
			developmentRegion = en;
			hasScannedForEncodings = 0;
			knownRegions = (
				en,
				Base,
			);
			mainGroup = CA52B0AE2184DC6200514CCA;
			productRefGroup = CA52B0B82184DC6200514CCA /* Products */;
			projectDirPath = "";
			projectRoot = "";
			targets = (
				CA52B0B62184DC6200514CCA /* VR on iOS */,
			);
		};
/* End PBXProject section */

/* Begin PBXResourcesBuildPhase section */
		CA52B0B52184DC6200514CCA /* Resources */ = {
			isa = PBXResourcesBuildPhase;
			buildActionMask = 2147483647;
			files = (
				CA6BF4AF2184E18D0090FF7F /* NodeTechnique.plist in Resources */,
				CA52B0BD2184DC6200514CCA /* art.scnassets in Resources */,
				CA52B0C72184DC6500514CCA /* LaunchScreen.storyboard in Resources */,
				CA52B0C42184DC6500514CCA /* Assets.xcassets in Resources */,
				CA52B0C22184DC6200514CCA /* Main.storyboard in Resources */,
			);
			runOnlyForDeploymentPostprocessing = 0;
		};
/* End PBXResourcesBuildPhase section */

/* Begin PBXSourcesBuildPhase section */
		CA52B0B32184DC6200514CCA /* Sources */ = {
			isa = PBXSourcesBuildPhase;
			buildActionMask = 2147483647;
			files = (
				CA6BF4AB2184E1740090FF7F /* VRObject.swift in Sources */,
				CA6BF4B42184E2310090FF7F /* Extensions.swift in Sources */,
				CA6BF4A72184E11F0090FF7F /* VRScene.swift in Sources */,
				CA52B0BF2184DC6200514CCA /* MainViewController.swift in Sources */,
				CA52B0BB2184DC6200514CCA /* AppDelegate.swift in Sources */,
				CA6BF4A92184E15F0090FF7F /* ARSeparateDelegateClass.swift in Sources */,
				CA6BF4B22184E1F00090FF7F /* MainScene.swift in Sources */,
				CA6BF4AD2184E1860090FF7F /* NodeOutlineWhite.metal in Sources */,
				CA6BF4A32184E0FA0090FF7F /* VRViewController.swift in Sources */,
			);
			runOnlyForDeploymentPostprocessing = 0;
		};
/* End PBXSourcesBuildPhase section */

/* Begin PBXVariantGroup section */
		CA52B0C02184DC6200514CCA /* Main.storyboard */ = {
			isa = PBXVariantGroup;
			children = (
				CA52B0C12184DC6200514CCA /* Base */,
			);
			name = Main.storyboard;
			sourceTree = "<group>";
		};
		CA52B0C52184DC6500514CCA /* LaunchScreen.storyboard */ = {
			isa = PBXVariantGroup;
			children = (
				CA52B0C62184DC6500514CCA /* Base */,
			);
			name = LaunchScreen.storyboard;
			sourceTree = "<group>";
		};
/* End PBXVariantGroup section */

/* Begin XCBuildConfiguration section */
		CA52B0C92184DC6500514CCA /* Debug */ = {
			isa = XCBuildConfiguration;
			buildSettings = {
				ALWAYS_SEARCH_USER_PATHS = NO;
				CLANG_ANALYZER_NONNULL = YES;
				CLANG_ANALYZER_NUMBER_OBJECT_CONVERSION = YES_AGGRESSIVE;
				CLANG_CXX_LANGUAGE_STANDARD = "gnu++14";
				CLANG_CXX_LIBRARY = "libc++";
				CLANG_ENABLE_MODULES = YES;
				CLANG_ENABLE_OBJC_ARC = YES;
				CLANG_ENABLE_OBJC_WEAK = YES;
				CLANG_WARN_BLOCK_CAPTURE_AUTORELEASING = YES;
				CLANG_WARN_BOOL_CONVERSION = YES;
				CLANG_WARN_COMMA = YES;
				CLANG_WARN_CONSTANT_CONVERSION = YES;
				CLANG_WARN_DEPRECATED_OBJC_IMPLEMENTATIONS = YES;
				CLANG_WARN_DIRECT_OBJC_ISA_USAGE = YES_ERROR;
				CLANG_WARN_DOCUMENTATION_COMMENTS = YES;
				CLANG_WARN_EMPTY_BODY = YES;
				CLANG_WARN_ENUM_CONVERSION = YES;
				CLANG_WARN_INFINITE_RECURSION = YES;
				CLANG_WARN_INT_CONVERSION = YES;
				CLANG_WARN_NON_LITERAL_NULL_CONVERSION = YES;
				CLANG_WARN_OBJC_IMPLICIT_RETAIN_SELF = YES;
				CLANG_WARN_OBJC_LITERAL_CONVERSION = YES;
				CLANG_WARN_OBJC_ROOT_CLASS = YES_ERROR;
				CLANG_WARN_RANGE_LOOP_ANALYSIS = YES;
				CLANG_WARN_STRICT_PROTOTYPES = YES;
				CLANG_WARN_SUSPICIOUS_MOVE = YES;
				CLANG_WARN_UNGUARDED_AVAILABILITY = YES_AGGRESSIVE;
				CLANG_WARN_UNREACHABLE_CODE = YES;
				CLANG_WARN__DUPLICATE_METHOD_MATCH = YES;
				CODE_SIGN_IDENTITY = "iPhone Developer";
				COPY_PHASE_STRIP = NO;
				DEBUG_INFORMATION_FORMAT = dwarf;
				ENABLE_STRICT_OBJC_MSGSEND = YES;
				ENABLE_TESTABILITY = YES;
				GCC_C_LANGUAGE_STANDARD = gnu11;
				GCC_DYNAMIC_NO_PIC = NO;
				GCC_NO_COMMON_BLOCKS = YES;
				GCC_OPTIMIZATION_LEVEL = 0;
				GCC_PREPROCESSOR_DEFINITIONS = (
					"DEBUG=1",
					"$(inherited)",
				);
				GCC_WARN_64_TO_32_BIT_CONVERSION = YES;
				GCC_WARN_ABOUT_RETURN_TYPE = YES_ERROR;
				GCC_WARN_UNDECLARED_SELECTOR = YES;
				GCC_WARN_UNINITIALIZED_AUTOS = YES_AGGRESSIVE;
				GCC_WARN_UNUSED_FUNCTION = YES;
				GCC_WARN_UNUSED_VARIABLE = YES;
				IPHONEOS_DEPLOYMENT_TARGET = 12.1;
				MTL_ENABLE_DEBUG_INFO = INCLUDE_SOURCE;
				MTL_FAST_MATH = YES;
				ONLY_ACTIVE_ARCH = YES;
				SDKROOT = iphoneos;
				SWIFT_ACTIVE_COMPILATION_CONDITIONS = DEBUG;
				SWIFT_OPTIMIZATION_LEVEL = "-Onone";
			};
			name = Debug;
		};
		CA52B0CA2184DC6500514CCA /* Release */ = {
			isa = XCBuildConfiguration;
			buildSettings = {
				ALWAYS_SEARCH_USER_PATHS = NO;
				CLANG_ANALYZER_NONNULL = YES;
				CLANG_ANALYZER_NUMBER_OBJECT_CONVERSION = YES_AGGRESSIVE;
				CLANG_CXX_LANGUAGE_STANDARD = "gnu++14";
				CLANG_CXX_LIBRARY = "libc++";
				CLANG_ENABLE_MODULES = YES;
				CLANG_ENABLE_OBJC_ARC = YES;
				CLANG_ENABLE_OBJC_WEAK = YES;
				CLANG_WARN_BLOCK_CAPTURE_AUTORELEASING = YES;
				CLANG_WARN_BOOL_CONVERSION = YES;
				CLANG_WARN_COMMA = YES;
				CLANG_WARN_CONSTANT_CONVERSION = YES;
				CLANG_WARN_DEPRECATED_OBJC_IMPLEMENTATIONS = YES;
				CLANG_WARN_DIRECT_OBJC_ISA_USAGE = YES_ERROR;
				CLANG_WARN_DOCUMENTATION_COMMENTS = YES;
				CLANG_WARN_EMPTY_BODY = YES;
				CLANG_WARN_ENUM_CONVERSION = YES;
				CLANG_WARN_INFINITE_RECURSION = YES;
				CLANG_WARN_INT_CONVERSION = YES;
				CLANG_WARN_NON_LITERAL_NULL_CONVERSION = YES;
				CLANG_WARN_OBJC_IMPLICIT_RETAIN_SELF = YES;
				CLANG_WARN_OBJC_LITERAL_CONVERSION = YES;
				CLANG_WARN_OBJC_ROOT_CLASS = YES_ERROR;
				CLANG_WARN_RANGE_LOOP_ANALYSIS = YES;
				CLANG_WARN_STRICT_PROTOTYPES = YES;
				CLANG_WARN_SUSPICIOUS_MOVE = YES;
				CLANG_WARN_UNGUARDED_AVAILABILITY = YES_AGGRESSIVE;
				CLANG_WARN_UNREACHABLE_CODE = YES;
				CLANG_WARN__DUPLICATE_METHOD_MATCH = YES;
				CODE_SIGN_IDENTITY = "iPhone Developer";
				COPY_PHASE_STRIP = NO;
				DEBUG_INFORMATION_FORMAT = "dwarf-with-dsym";
				ENABLE_NS_ASSERTIONS = NO;
				ENABLE_STRICT_OBJC_MSGSEND = YES;
				GCC_C_LANGUAGE_STANDARD = gnu11;
				GCC_NO_COMMON_BLOCKS = YES;
				GCC_WARN_64_TO_32_BIT_CONVERSION = YES;
				GCC_WARN_ABOUT_RETURN_TYPE = YES_ERROR;
				GCC_WARN_UNDECLARED_SELECTOR = YES;
				GCC_WARN_UNINITIALIZED_AUTOS = YES_AGGRESSIVE;
				GCC_WARN_UNUSED_FUNCTION = YES;
				GCC_WARN_UNUSED_VARIABLE = YES;
				IPHONEOS_DEPLOYMENT_TARGET = 12.1;
				MTL_ENABLE_DEBUG_INFO = NO;
				MTL_FAST_MATH = YES;
				SDKROOT = iphoneos;
				SWIFT_COMPILATION_MODE = wholemodule;
				SWIFT_OPTIMIZATION_LEVEL = "-O";
				VALIDATE_PRODUCT = YES;
			};
			name = Release;
		};
		CA52B0CC2184DC6500514CCA /* Debug */ = {
			isa = XCBuildConfiguration;
			buildSettings = {
				ASSETCATALOG_COMPILER_APPICON_NAME = AppIcon;
				CODE_SIGN_STYLE = Automatic;
				DEVELOPMENT_TEAM = L73ZV6NFSJ;
				INFOPLIST_FILE = "VR on iOS/Info.plist";
				IPHONEOS_DEPLOYMENT_TARGET = 12.0;
				LD_RUNPATH_SEARCH_PATHS = (
					"$(inherited)",
					"@executable_path/Frameworks",
				);
				PRODUCT_BUNDLE_IDENTIFIER = "brandosha.VR-on-iOS";
				PRODUCT_NAME = "$(TARGET_NAME)";
				SWIFT_VERSION = 4.2;
				TARGETED_DEVICE_FAMILY = "1,2";
			};
			name = Debug;
		};
		CA52B0CD2184DC6500514CCA /* Release */ = {
			isa = XCBuildConfiguration;
			buildSettings = {
				ASSETCATALOG_COMPILER_APPICON_NAME = AppIcon;
				CODE_SIGN_STYLE = Automatic;
				DEVELOPMENT_TEAM = L73ZV6NFSJ;
				INFOPLIST_FILE = "VR on iOS/Info.plist";
				IPHONEOS_DEPLOYMENT_TARGET = 12.0;
				LD_RUNPATH_SEARCH_PATHS = (
					"$(inherited)",
					"@executable_path/Frameworks",
				);
				PRODUCT_BUNDLE_IDENTIFIER = "brandosha.VR-on-iOS";
				PRODUCT_NAME = "$(TARGET_NAME)";
				SWIFT_VERSION = 4.2;
				TARGETED_DEVICE_FAMILY = "1,2";
			};
			name = Release;
		};
/* End XCBuildConfiguration section */

/* Begin XCConfigurationList section */
		CA52B0B22184DC6200514CCA /* Build configuration list for PBXProject "VR on iOS" */ = {
			isa = XCConfigurationList;
			buildConfigurations = (
				CA52B0C92184DC6500514CCA /* Debug */,
				CA52B0CA2184DC6500514CCA /* Release */,
			);
			defaultConfigurationIsVisible = 0;
			defaultConfigurationName = Release;
		};
		CA52B0CB2184DC6500514CCA /* Build configuration list for PBXNativeTarget "VR on iOS" */ = {
			isa = XCConfigurationList;
			buildConfigurations = (
				CA52B0CC2184DC6500514CCA /* Debug */,
				CA52B0CD2184DC6500514CCA /* Release */,
			);
			defaultConfigurationIsVisible = 0;
			defaultConfigurationName = Release;
		};
/* End XCConfigurationList section */
	};
	rootObject = CA52B0AF2184DC6200514CCA /* Project object */;
}
